
Microsoft Visual Studio Solution File, Format Version 12.00
# Visual Studio Version 17
VisualStudioVersion = 17.7.34031.279
MinimumVisualStudioVersion = 10.0.40219.1
Project("{E24C65DC-7377-472B-9ABA-BC803B73C61A}") = "Yemek_Tarifleri_Sitem", "Yemek_Tarifleri_Sitem\", "{6F65EE4E-F74C-4517-833A-C2A90228723C}"
	ProjectSection(WebsiteProperties) = preProject
		TargetFrameworkMoniker = ".NETFramework,Version%3Dv4.7.2"
		Debug.AspNetCompiler.VirtualPath = "/localhost_49403"
		Debug.AspNetCompiler.PhysicalPath = "Yemek_Tarifleri_Sitem\"
		Debug.AspNetCompiler.TargetPath = "PrecompiledWeb\localhost_49403\"
		Debug.AspNetCompiler.Updateable = "true"
		Debug.AspNetCompiler.ForceOverwrite = "true"
		Debug.AspNetCompiler.FixedNames = "false"
		Debug.AspNetCompiler.Debug = "True"
		Release.AspNetCompiler.VirtualPath = "/localhost_49403"
		Release.AspNetCompiler.PhysicalPath = "Yemek_Tarifleri_Sitem\"
		Release.AspNetCompiler.TargetPath = "PrecompiledWeb\localhost_49403\"
		Release.AspNetCompiler.Updateable = "true"
		Release.AspNetCompiler.ForceOverwrite = "true"
		Release.AspNetCompiler.FixedNames = "false"
		Release.AspNetCompiler.Debug = "False"
		VWDPort = "49403"
		SlnRelativePath = "Yemek_Tarifleri_Sitem\"
		DefaultWebSiteLanguage = "Visual C#"
	EndProjectSection
EndProject
Global
	GlobalSection(SolutionConfigurationPlatforms) = preSolution
		Debug|Any CPU = Debug|Any CPU
	EndGlobalSection
	GlobalSection(ProjectConfigurationPlatforms) = postSolution
		{6F65EE4E-F74C-4517-833A-C2A90228723C}.Debug|Any CPU.ActiveCfg = Debug|Any CPU
		{6F65EE4E-F74C-4517-833A-C2A90228723C}.Debug|Any CPU.Build.0 = Debug|Any CPU
	EndGlobalSection
	GlobalSection(SolutionProperties) = preSolution
		HideSolutionNode = FALSE
	EndGlobalSection
	GlobalSection(ExtensibilityGlobals) = postSolution
		SolutionGuid = {0D24A541-D7B7-41CB-8947-2EC08E6D6347}
	EndGlobalSection
EndGlobal
